
Microsoft Visual Studio Solution File, Format Version 12.00
# Visual Studio Version 17
VisualStudioVersion = 17.1.32421.90
MinimumVisualStudioVersion = 10.0.40219.1
Project("{6EC3EE1D-3C4E-46DD-8F32-0CC8E7565705}") = "Fun.Css", "Fun.Css\Fun.Css.fsproj", "{4B289AC7-9E39-4DE0-B7EB-D262BF2EDF68}"
EndProject
Project("{6EC3EE1D-3C4E-46DD-8F32-0CC8E7565705}") = "Benchmark", "Benchmark\Benchmark.fsproj", "{93A4FE36-2373-4B00-BA5C-ECB1F44CA469}"
EndProject
Project("{F2A71F9B-5D33-465A-A702-920D77279786}") = "Fun.Css.Tests", "Fun.Css.Tests\Fun.Css.Tests.fsproj", "{5EA3C477-326C-42E6-B56B-21BBBBFA6929}"
EndProject
Global
	GlobalSection(SolutionConfigurationPlatforms) = preSolution
		Debug|Any CPU = Debug|Any CPU
		Release|Any CPU = Release|Any CPU
	EndGlobalSection
	GlobalSection(ProjectConfigurationPlatforms) = postSolution
		{4B289AC7-9E39-4DE0-B7EB-D262BF2EDF68}.Debug|Any CPU.ActiveCfg = Debug|Any CPU
		{4B289AC7-9E39-4DE0-B7EB-D262BF2EDF68}.Debug|Any CPU.Build.0 = Debug|Any CPU
		{4B289AC7-9E39-4DE0-B7EB-D262BF2EDF68}.Release|Any CPU.ActiveCfg = Release|Any CPU
		{4B289AC7-9E39-4DE0-B7EB-D262BF2EDF68}.Release|Any CPU.Build.0 = Release|Any CPU
		{93A4FE36-2373-4B00-BA5C-ECB1F44CA469}.Debug|Any CPU.ActiveCfg = Debug|Any CPU
		{93A4FE36-2373-4B00-BA5C-ECB1F44CA469}.Debug|Any CPU.Build.0 = Debug|Any CPU
		{93A4FE36-2373-4B00-BA5C-ECB1F44CA469}.Release|Any CPU.ActiveCfg = Release|Any CPU
		{93A4FE36-2373-4B00-BA5C-ECB1F44CA469}.Release|Any CPU.Build.0 = Release|Any CPU
		{5EA3C477-326C-42E6-B56B-21BBBBFA6929}.Debug|Any CPU.ActiveCfg = Debug|Any CPU
		{5EA3C477-326C-42E6-B56B-21BBBBFA6929}.Debug|Any CPU.Build.0 = Debug|Any CPU
		{5EA3C477-326C-42E6-B56B-21BBBBFA6929}.Release|Any CPU.ActiveCfg = Release|Any CPU
		{5EA3C477-326C-42E6-B56B-21BBBBFA6929}.Release|Any CPU.Build.0 = Release|Any CPU
	EndGlobalSection
	GlobalSection(SolutionProperties) = preSolution
		HideSolutionNode = FALSE
	EndGlobalSection
	GlobalSection(ExtensibilityGlobals) = postSolution
		SolutionGuid = {5EC210D1-A7D3-429F-A8F8-631E4C9752CA}
	EndGlobalSection
EndGlobal
